Microsoft Visual Studio Solution File, Format Version 12.00
# Visual Studio Version 17
VisualStudioVersion = 17.5.2.0
MinimumVisualStudioVersion = 10.0.40219.1
Project("{FAE04EC0-301F-11D3-BF4B-00C04F79EFBC}") = "CS_DB_Exercise", "CS_DB_Exercise.csproj", "{A61A3417-3DBC-D886-BBF8-8BE30576ED5C}"
EndProject
Global
	GlobalSection(SolutionConfigurationPlatforms) = preSolution
		Debug|Any CPU = Debug|Any CPU
		Release|Any CPU = Release|Any CPU
	EndGlobalSection
	GlobalSection(ProjectConfigurationPlatforms) = postSolution
		{A61A3417-3DBC-D886-BBF8-8BE30576ED5C}.Debug|Any CPU.ActiveCfg = Debug|Any CPU
		{A61A3417-3DBC-D886-BBF8-8BE30576ED5C}.Debug|Any CPU.Build.0 = Debug|Any CPU
		{A61A3417-3DBC-D886-BBF8-8BE30576ED5C}.Release|Any CPU.ActiveCfg = Release|Any CPU
		{A61A3417-3DBC-D886-BBF8-8BE30576ED5C}.Release|Any CPU.Build.0 = Release|Any CPU
	EndGlobalSection
	GlobalSection(SolutionProperties) = preSolution
		HideSolutionNode = FALSE
	EndGlobalSection
	GlobalSection(ExtensibilityGlobals) = postSolution
		SolutionGuid = {E4562640-D960-4E47-80A5-ABE7CB45C8DA}
	EndGlobalSection
EndGlobal
